// !$*UTF8*$!
{
	archiveVersion = 1;
	classes = {
	};
	objectVersion = 52;
	objects = {

/* Begin PBXBuildFile section */
		128CE272272873410032A234 /* LoginView.swift in Sources */ = {isa = PBXBuildFile; fileRef = 128CE271272873410032A234 /* LoginView.swift */; };
		128CE274272874790032A234 /* CitiesView.swift in Sources */ = {isa = PBXBuildFile; fileRef = 128CE273272874790032A234 /* CitiesView.swift */; };
		1298D1E82720863A00D833EA /* swiftui_1347App.swift in Sources */ = {isa = PBXBuildFile; fileRef = 1298D1E72720863A00D833EA /* swiftui_1347App.swift */; };
		1298D1EA2720863A00D833EA /* ContentView.swift in Sources */ = {isa = PBXBuildFile; fileRef = 1298D1E92720863A00D833EA /* ContentView.swift */; };
		1298D1EC2720863C00D833EA /* Assets.xcassets in Resources */ = {isa = PBXBuildFile; fileRef = 1298D1EB2720863C00D833EA /* Assets.xcassets */; };
		1298D1EF2720863C00D833EA /* Preview Assets.xcassets in Resources */ = {isa = PBXBuildFile; fileRef = 1298D1EE2720863C00D833EA /* Preview Assets.xcassets */; };
		12E1CFB12728804500BA49FC /* ASCollectionView in Frameworks */ = {isa = PBXBuildFile; productRef = 12E1CFB02728804500BA49FC /* ASCollectionView */; };
		12E8133C27231B8A000F8600 /* SwiftUIView2.swift in Sources */ = {isa = PBXBuildFile; fileRef = 12E8133B27231B8A000F8600 /* SwiftUIView2.swift */; };
/* End PBXBuildFile section */

/* Begin PBXCopyFilesBuildPhase section */
		128CE27B27287E990032A234 /* Embed Frameworks */ = {
			isa = PBXCopyFilesBuildPhase;
			buildActionMask = 2147483647;
			dstPath = "";
			dstSubfolderSpec = 10;
			files = (
			);
			name = "Embed Frameworks";
			runOnlyForDeploymentPostprocessing = 0;
		};
/* End PBXCopyFilesBuildPhase section */

/* Begin PBXFileReference section */
		128CE271272873410032A234 /* LoginView.swift */ = {isa = PBXFileReference; lastKnownFileType = sourcecode.swift; path = LoginView.swift; sourceTree = "<group>"; };
		128CE273272874790032A234 /* CitiesView.swift */ = {isa = PBXFileReference; lastKnownFileType = sourcecode.swift; path = CitiesView.swift; sourceTree = "<group>"; };
		1298D1E42720863A00D833EA /* swiftui-1347.app */ = {isa = PBXFileReference; explicitFileType = wrapper.application; includeInIndex = 0; path = "swiftui-1347.app"; sourceTree = BUILT_PRODUCTS_DIR; };
		1298D1E72720863A00D833EA /* swiftui_1347App.swift */ = {isa = PBXFileReference; lastKnownFileType = sourcecode.swift; path = swiftui_1347App.swift; sourceTree = "<group>"; };
		1298D1E92720863A00D833EA /* ContentView.swift */ = {isa = PBXFileReference; lastKnownFileType = sourcecode.swift; path = ContentView.swift; sourceTree = "<group>"; };
		1298D1EB2720863C00D833EA /* Assets.xcassets */ = {isa = PBXFileReference; lastKnownFileType = folder.assetcatalog; path = Assets.xcassets; sourceTree = "<group>"; };
		1298D1EE2720863C00D833EA /* Preview Assets.xcassets */ = {isa = PBXFileReference; lastKnownFileType = folder.assetcatalog; path = "Preview Assets.xcassets"; sourceTree = "<group>"; };
		1298D1F02720863C00D833EA /* Info.plist */ = {isa = PBXFileReference; lastKnownFileType = text.plist.xml; path = Info.plist; sourceTree = "<group>"; };
		12E8133B27231B8A000F8600 /* SwiftUIView2.swift */ = {isa = PBXFileReference; lastKnownFileType = sourcecode.swift; path = SwiftUIView2.swift; sourceTree = "<group>"; };
/* End PBXFileReference section */

/* Begin PBXFrameworksBuildPhase section */
		1298D1E12720863A00D833EA /* Frameworks */ = {
			isa = PBXFrameworksBuildPhase;
			buildActionMask = 2147483647;
			files = (
				12E1CFB12728804500BA49FC /* ASCollectionView in Frameworks */,
			);
			runOnlyForDeploymentPostprocessing = 0;
		};
/* End PBXFrameworksBuildPhase section */

/* Begin PBXGroup section */
		128CE27027286CA00032A234 /* Lesson-3 */ = {
			isa = PBXGroup;
			children = (
				128CE271272873410032A234 /* LoginView.swift */,
				128CE273272874790032A234 /* CitiesView.swift */,
			);
			path = "Lesson-3";
			sourceTree = "<group>";
		};
		1298D1DB2720863A00D833EA = {
			isa = PBXGroup;
			children = (
				1298D1E62720863A00D833EA /* swiftui-1347 */,
				1298D1E52720863A00D833EA /* Products */,
			);
			sourceTree = "<group>";
		};
		1298D1E52720863A00D833EA /* Products */ = {
			isa = PBXGroup;
			children = (
				1298D1E42720863A00D833EA /* swiftui-1347.app */,
			);
			name = Products;
			sourceTree = "<group>";
		};
		1298D1E62720863A00D833EA /* swiftui-1347 */ = {
			isa = PBXGroup;
			children = (
				1298D1E72720863A00D833EA /* swiftui_1347App.swift */,
				128CE27027286CA00032A234 /* Lesson-3 */,
				12E8133A27231B6C000F8600 /* Lesson-2 */,
				12E8133D27231B90000F8600 /* Lesson-1 */,
				1298D1EB2720863C00D833EA /* Assets.xcassets */,
				1298D1F02720863C00D833EA /* Info.plist */,
				1298D1ED2720863C00D833EA /* Preview Content */,
			);
			path = "swiftui-1347";
			sourceTree = "<group>";
		};
		1298D1ED2720863C00D833EA /* Preview Content */ = {
			isa = PBXGroup;
			children = (
				1298D1EE2720863C00D833EA /* Preview Assets.xcassets */,
			);
			path = "Preview Content";
			sourceTree = "<group>";
		};
		12E8133A27231B6C000F8600 /* Lesson-2 */ = {
			isa = PBXGroup;
			children = (
				12E8133B27231B8A000F8600 /* SwiftUIView2.swift */,
			);
			path = "Lesson-2";
			sourceTree = "<group>";
		};
		12E8133D27231B90000F8600 /* Lesson-1 */ = {
			isa = PBXGroup;
			children = (
				1298D1E92720863A00D833EA /* ContentView.swift */,
			);
			path = "Lesson-1";
			sourceTree = "<group>";
		};
/* End PBXGroup section */

/* Begin PBXNativeTarget section */
		1298D1E32720863A00D833EA /* swiftui-1347 */ = {
			isa = PBXNativeTarget;
			buildConfigurationList = 1298D1F32720863C00D833EA /* Build configuration list for PBXNativeTarget "swiftui-1347" */;
			buildPhases = (
				1298D1E02720863A00D833EA /* Sources */,
				1298D1E12720863A00D833EA /* Frameworks */,
				1298D1E22720863A00D833EA /* Resources */,
				128CE27B27287E990032A234 /* Embed Frameworks */,
			);
			buildRules = (
			);
			dependencies = (
			);
			name = "swiftui-1347";
			packageProductDependencies = (
				12E1CFB02728804500BA49FC /* ASCollectionView */,
			);
			productName = "swiftui-1347";
			productReference = 1298D1E42720863A00D833EA /* swiftui-1347.app */;
			productType = "com.apple.product-type.application";
		};
/* End PBXNativeTarget section */

/* Begin PBXProject section */
		1298D1DC2720863A00D833EA /* Project object */ = {
			isa = PBXProject;
			attributes = {
				LastSwiftUpdateCheck = 1250;
				LastUpgradeCheck = 1250;
				TargetAttributes = {
					1298D1E32720863A00D833EA = {
						CreatedOnToolsVersion = 12.5;
					};
				};
			};
			buildConfigurationList = 1298D1DF2720863A00D833EA /* Build configuration list for PBXProject "swiftui-1347" */;
			compatibilityVersion = "Xcode 9.3";
			developmentRegion = en;
			hasScannedForEncodings = 0;
			knownRegions = (
				en,
				Base,
			);
			mainGroup = 1298D1DB2720863A00D833EA;
			packageReferences = (
				12E1CFAF2728804500BA49FC /* XCRemoteSwiftPackageReference "ASCollectionView" */,
			);
			productRefGroup = 1298D1E52720863A00D833EA /* Products */;
			projectDirPath = "";
			projectRoot = "";
			targets = (
				1298D1E32720863A00D833EA /* swiftui-1347 */,
			);
		};
/* End PBXProject section */

/* Begin PBXResourcesBuildPhase section */
		1298D1E22720863A00D833EA /* Resources */ = {
			isa = PBXResourcesBuildPhase;
			buildActionMask = 2147483647;
			files = (
				1298D1EF2720863C00D833EA /* Preview Assets.xcassets in Resources */,
				1298D1EC2720863C00D833EA /* Assets.xcassets in Resources */,
			);
			runOnlyForDeploymentPostprocessing = 0;
		};
/* End PBXResourcesBuildPhase section */

/* Begin PBXSourcesBuildPhase section */
		1298D1E02720863A00D833EA /* Sources */ = {
			isa = PBXSourcesBuildPhase;
			buildActionMask = 2147483647;
			files = (
				128CE274272874790032A234 /* CitiesView.swift in Sources */,
				1298D1EA2720863A00D833EA /* ContentView.swift in Sources */,
				1298D1E82720863A00D833EA /* swiftui_1347App.swift in Sources */,
				128CE272272873410032A234 /* LoginView.swift in Sources */,
				12E8133C27231B8A000F8600 /* SwiftUIView2.swift in Sources */,
			);
			runOnlyForDeploymentPostprocessing = 0;
		};
/* End PBXSourcesBuildPhase section */

/* Begin XCBuildConfiguration section */
		1298D1F12720863C00D833EA /* Debug */ = {
			isa = XCBuildConfiguration;
			buildSettings = {
				ALWAYS_SEARCH_USER_PATHS = NO;
				CLANG_ANALYZER_NONNULL = YES;
				CLANG_ANALYZER_NUMBER_OBJECT_CONVERSION = YES_AGGRESSIVE;
				CLANG_CXX_LANGUAGE_STANDARD = "gnu++14";
				CLANG_CXX_LIBRARY = "libc++";
				CLANG_ENABLE_MODULES = YES;
				CLANG_ENABLE_OBJC_ARC = YES;
				CLANG_ENABLE_OBJC_WEAK = YES;
				CLANG_WARN_BLOCK_CAPTURE_AUTORELEASING = YES;
				CLANG_WARN_BOOL_CONVERSION = YES;
				CLANG_WARN_COMMA = YES;
				CLANG_WARN_CONSTANT_CONVERSION = YES;
				CLANG_WARN_DEPRECATED_OBJC_IMPLEMENTATIONS = YES;
				CLANG_WARN_DIRECT_OBJC_ISA_USAGE = YES_ERROR;
				CLANG_WARN_DOCUMENTATION_COMMENTS = YES;
				CLANG_WARN_EMPTY_BODY = YES;
				CLANG_WARN_ENUM_CONVERSION = YES;
				CLANG_WARN_INFINITE_RECURSION = YES;
				CLANG_WARN_INT_CONVERSION = YES;
				CLANG_WARN_NON_LITERAL_NULL_CONVERSION = YES;
				CLANG_WARN_OBJC_IMPLICIT_RETAIN_SELF = YES;
				CLANG_WARN_OBJC_LITERAL_CONVERSION = YES;
				CLANG_WARN_OBJC_ROOT_CLASS = YES_ERROR;
				CLANG_WARN_QUOTED_INCLUDE_IN_FRAMEWORK_HEADER = YES;
				CLANG_WARN_RANGE_LOOP_ANALYSIS = YES;
				CLANG_WARN_STRICT_PROTOTYPES = YES;
				CLANG_WARN_SUSPICIOUS_MOVE = YES;
				CLANG_WARN_UNGUARDED_AVAILABILITY = YES_AGGRESSIVE;
				CLANG_WARN_UNREACHABLE_CODE = YES;
				CLANG_WARN__DUPLICATE_METHOD_MATCH = YES;
				COPY_PHASE_STRIP = NO;
				DEBUG_INFORMATION_FORMAT = dwarf;
				ENABLE_STRICT_OBJC_MSGSEND = YES;
				ENABLE_TESTABILITY = YES;
				GCC_C_LANGUAGE_STANDARD = gnu11;
				GCC_DYNAMIC_NO_PIC = NO;
				GCC_NO_COMMON_BLOCKS = YES;
				GCC_OPTIMIZATION_LEVEL = 0;
				GCC_PREPROCESSOR_DEFINITIONS = (
					"DEBUG=1",
					"$(inherited)",
				);
				GCC_WARN_64_TO_32_BIT_CONVERSION = YES;
				GCC_WARN_ABOUT_RETURN_TYPE = YES_ERROR;
				GCC_WARN_UNDECLARED_SELECTOR = YES;
				GCC_WARN_UNINITIALIZED_AUTOS = YES_AGGRESSIVE;
				GCC_WARN_UNUSED_FUNCTION = YES;
				GCC_WARN_UNUSED_VARIABLE = YES;
				IPHONEOS_DEPLOYMENT_TARGET = 14.5;
				MTL_ENABLE_DEBUG_INFO = INCLUDE_SOURCE;
				MTL_FAST_MATH = YES;
				ONLY_ACTIVE_ARCH = YES;
				SDKROOT = iphoneos;
				SWIFT_ACTIVE_COMPILATION_CONDITIONS = DEBUG;
				SWIFT_OPTIMIZATION_LEVEL = "-Onone";
			};
			name = Debug;
		};
		1298D1F22720863C00D833EA /* Release */ = {
			isa = XCBuildConfiguration;
			buildSettings = {
				ALWAYS_SEARCH_USER_PATHS = NO;
				CLANG_ANALYZER_NONNULL = YES;
				CLANG_ANALYZER_NUMBER_OBJECT_CONVERSION = YES_AGGRESSIVE;
				CLANG_CXX_LANGUAGE_STANDARD = "gnu++14";
				CLANG_CXX_LIBRARY = "libc++";
				CLANG_ENABLE_MODULES = YES;
				CLANG_ENABLE_OBJC_ARC = YES;
				CLANG_ENABLE_OBJC_WEAK = YES;
				CLANG_WARN_BLOCK_CAPTURE_AUTORELEASING = YES;
				CLANG_WARN_BOOL_CONVERSION = YES;
				CLANG_WARN_COMMA = YES;
				CLANG_WARN_CONSTANT_CONVERSION = YES;
				CLANG_WARN_DEPRECATED_OBJC_IMPLEMENTATIONS = YES;
				CLANG_WARN_DIRECT_OBJC_ISA_USAGE = YES_ERROR;
				CLANG_WARN_DOCUMENTATION_COMMENTS = YES;
				CLANG_WARN_EMPTY_BODY = YES;
				CLANG_WARN_ENUM_CONVERSION = YES;
				CLANG_WARN_INFINITE_RECURSION = YES;
				CLANG_WARN_INT_CONVERSION = YES;
				CLANG_WARN_NON_LITERAL_NULL_CONVERSION = YES;
				CLANG_WARN_OBJC_IMPLICIT_RETAIN_SELF = YES;
				CLANG_WARN_OBJC_LITERAL_CONVERSION = YES;
				CLANG_WARN_OBJC_ROOT_CLASS = YES_ERROR;
				CLANG_WARN_QUOTED_INCLUDE_IN_FRAMEWORK_HEADER = YES;
				CLANG_WARN_RANGE_LOOP_ANALYSIS = YES;
				CLANG_WARN_STRICT_PROTOTYPES = YES;
				CLANG_WARN_SUSPICIOUS_MOVE = YES;
				CLANG_WARN_UNGUARDED_AVAILABILITY = YES_AGGRESSIVE;
				CLANG_WARN_UNREACHABLE_CODE = YES;
				CLANG_WARN__DUPLICATE_METHOD_MATCH = YES;
				COPY_PHASE_STRIP = NO;
				DEBUG_INFORMATION_FORMAT = "dwarf-with-dsym";
				ENABLE_NS_ASSERTIONS = NO;
				ENABLE_STRICT_OBJC_MSGSEND = YES;
				GCC_C_LANGUAGE_STANDARD = gnu11;
				GCC_NO_COMMON_BLOCKS = YES;
				GCC_WARN_64_TO_32_BIT_CONVERSION = YES;
				GCC_WARN_ABOUT_RETURN_TYPE = YES_ERROR;
				GCC_WARN_UNDECLARED_SELECTOR = YES;
				GCC_WARN_UNINITIALIZED_AUTOS = YES_AGGRESSIVE;
				GCC_WARN_UNUSED_FUNCTION = YES;
				GCC_WARN_UNUSED_VARIABLE = YES;
				IPHONEOS_DEPLOYMENT_TARGET = 14.5;
				MTL_ENABLE_DEBUG_INFO = NO;
				MTL_FAST_MATH = YES;
				SDKROOT = iphoneos;
				SWIFT_COMPILATION_MODE = wholemodule;
				SWIFT_OPTIMIZATION_LEVEL = "-O";
				VALIDATE_PRODUCT = YES;
			};
			name = Release;
		};
		1298D1F42720863C00D833EA /* Debug */ = {
			isa = XCBuildConfiguration;
			buildSettings = {
				ASSETCATALOG_COMPILER_APPICON_NAME = AppIcon;
				ASSETCATALOG_COMPILER_GLOBAL_ACCENT_COLOR_NAME = AccentColor;
				CODE_SIGN_STYLE = Automatic;
				DEVELOPMENT_ASSET_PATHS = "\"swiftui-1347/Preview Content\"";
				DEVELOPMENT_TEAM = 77XX2PXRV7;
				ENABLE_PREVIEWS = YES;
				INFOPLIST_FILE = "swiftui-1347/Info.plist";
				IPHONEOS_DEPLOYMENT_TARGET = 14.0;
				LD_RUNPATH_SEARCH_PATHS = (
					"$(inherited)",
					"@executable_path/Frameworks",
				);
				PRODUCT_BUNDLE_IDENTIFIER = "com.arturlector.swiftui-1347";
				PRODUCT_NAME = "$(TARGET_NAME)";
				SWIFT_VERSION = 5.0;
				TARGETED_DEVICE_FAMILY = "1,2";
			};
			name = Debug;
		};
		1298D1F52720863C00D833EA /* Release */ = {
			isa = XCBuildConfiguration;
			buildSettings = {
				ASSETCATALOG_COMPILER_APPICON_NAME = AppIcon;
				ASSETCATALOG_COMPILER_GLOBAL_ACCENT_COLOR_NAME = AccentColor;
				CODE_SIGN_STYLE = Automatic;
				DEVELOPMENT_ASSET_PATHS = "\"swiftui-1347/Preview Content\"";
				DEVELOPMENT_TEAM = 77XX2PXRV7;
				ENABLE_PREVIEWS = YES;
				INFOPLIST_FILE = "swiftui-1347/Info.plist";
				IPHONEOS_DEPLOYMENT_TARGET = 14.0;
				LD_RUNPATH_SEARCH_PATHS = (
					"$(inherited)",
					"@executable_path/Frameworks",
				);
				PRODUCT_BUNDLE_IDENTIFIER = "com.arturlector.swiftui-1347";
				PRODUCT_NAME = "$(TARGET_NAME)";
				SWIFT_VERSION = 5.0;
				TARGETED_DEVICE_FAMILY = "1,2";
			};
			name = Release;
		};
/* End XCBuildConfiguration section */

/* Begin XCConfigurationList section */
		1298D1DF2720863A00D833EA /* Build configuration list for PBXProject "swiftui-1347" */ = {
			isa = XCConfigurationList;
			buildConfigurations = (
				1298D1F12720863C00D833EA /* Debug */,
				1298D1F22720863C00D833EA /* Release */,
			);
			defaultConfigurationIsVisible = 0;
			defaultConfigurationName = Release;
		};
		1298D1F32720863C00D833EA /* Build configuration list for PBXNativeTarget "swiftui-1347" */ = {
			isa = XCConfigurationList;
			buildConfigurations = (
				1298D1F42720863C00D833EA /* Debug */,
				1298D1F52720863C00D833EA /* Release */,
			);
			defaultConfigurationIsVisible = 0;
			defaultConfigurationName = Release;
		};
/* End XCConfigurationList section */

/* Begin XCRemoteSwiftPackageReference section */
		12E1CFAF2728804500BA49FC /* XCRemoteSwiftPackageReference "ASCollectionView" */ = {
			isa = XCRemoteSwiftPackageReference;
			repositoryURL = "https://github.com/apptekstudios/ASCollectionView";
			requirement = {
				kind = upToNextMajorVersion;
				minimumVersion = 1.2.2;
			};
		};
/* End XCRemoteSwiftPackageReference section */

/* Begin XCSwiftPackageProductDependency section */
		12E1CFB02728804500BA49FC /* ASCollectionView */ = {
			isa = XCSwiftPackageProductDependency;
			package = 12E1CFAF2728804500BA49FC /* XCRemoteSwiftPackageReference "ASCollectionView" */;
			productName = ASCollectionView;
		};
/* End XCSwiftPackageProductDependency section */
	};
	rootObject = 1298D1DC2720863A00D833EA /* Project object */;
}
